
Microsoft Visual Studio Solution File, Format Version 12.00
# Visual Studio Version 17
VisualStudioVersion = 17.2.32630.192
MinimumVisualStudioVersion = 10.0.40219.1
Project("{FAE04EC0-301F-11D3-BF4B-00C04F79EFBC}") = "CalculateWageforMaxDays", "CalculateWageforMaxDays.csproj", "{AEFB018B-B31A-4960-858D-D7106242EFAB}"
EndProject
Global
	GlobalSection(SolutionConfigurationPlatforms) = preSolution
		Debug|Any CPU = Debug|Any CPU
		Release|Any CPU = Release|Any CPU
	EndGlobalSection
	GlobalSection(ProjectConfigurationPlatforms) = postSolution
		{AEFB018B-B31A-4960-858D-D7106242EFAB}.Debug|Any CPU.ActiveCfg = Debug|Any CPU
		{AEFB018B-B31A-4960-858D-D7106242EFAB}.Debug|Any CPU.Build.0 = Debug|Any CPU
		{AEFB018B-B31A-4960-858D-D7106242EFAB}.Release|Any CPU.ActiveCfg = Release|Any CPU
		{AEFB018B-B31A-4960-858D-D7106242EFAB}.Release|Any CPU.Build.0 = Release|Any CPU
	EndGlobalSection
	GlobalSection(SolutionProperties) = preSolution
		HideSolutionNode = FALSE
	EndGlobalSection
	GlobalSection(ExtensibilityGlobals) = postSolution
		SolutionGuid = {BA4A8466-6CE2-40E6-885A-96D24C594248}
	EndGlobalSection
EndGlobal
